// !$*UTF8*$!
{
	archiveVersion = 1;
	classes = {
	};
	objectVersion = 46;
	objects = {

/* Begin PBXBuildFile section */
		3F4C3D251C68C62500E46017 /* AppDelegate.swift in Sources */ = {isa = PBXBuildFile; fileRef = 3F4C3D241C68C62500E46017 /* AppDelegate.swift */; };
		3F4C3D271C68C62500E46017 /* ViewController.swift in Sources */ = {isa = PBXBuildFile; fileRef = 3F4C3D261C68C62500E46017 /* ViewController.swift */; };
		3F4C3D2A1C68C62500E46017 /* Main.storyboard in Resources */ = {isa = PBXBuildFile; fileRef = 3F4C3D281C68C62500E46017 /* Main.storyboard */; };
		3F4C3D2C1C68C62500E46017 /* Assets.xcassets in Resources */ = {isa = PBXBuildFile; fileRef = 3F4C3D2B1C68C62500E46017 /* Assets.xcassets */; };
		3F4C3D2F1C68C62500E46017 /* LaunchScreen.storyboard in Resources */ = {isa = PBXBuildFile; fileRef = 3F4C3D2D1C68C62500E46017 /* LaunchScreen.storyboard */; };
		3F4C3D3A1C68C62500E46017 /* practice3Tests.swift in Sources */ = {isa = PBXBuildFile; fileRef = 3F4C3D391C68C62500E46017 /* practice3Tests.swift */; };
		3F4C3D451C68C62500E46017 /* practice3UITests.swift in Sources */ = {isa = PBXBuildFile; fileRef = 3F4C3D441C68C62500E46017 /* practice3UITests.swift */; };
/* End PBXBuildFile section */

/* Begin PBXContainerItemProxy section */
		3F4C3D361C68C62500E46017 /* PBXContainerItemProxy */ = {
			isa = PBXContainerItemProxy;
			containerPortal = 3F4C3D191C68C62500E46017 /* Project object */;
			proxyType = 1;
			remoteGlobalIDString = 3F4C3D201C68C62500E46017;
			remoteInfo = practice3;
		};
		3F4C3D411C68C62500E46017 /* PBXContainerItemProxy */ = {
			isa = PBXContainerItemProxy;
			containerPortal = 3F4C3D191C68C62500E46017 /* Project object */;
			proxyType = 1;
			remoteGlobalIDString = 3F4C3D201C68C62500E46017;
			remoteInfo = practice3;
		};
/* End PBXContainerItemProxy section */

/* Begin PBXFileReference section */
		3F4C3D211C68C62500E46017 /* practice3.app */ = {isa = PBXFileReference; explicitFileType = wrapper.application; includeInIndex = 0; path = practice3.app; sourceTree = BUILT_PRODUCTS_DIR; };
		3F4C3D241C68C62500E46017 /* AppDelegate.swift */ = {isa = PBXFileReference; lastKnownFileType = sourcecode.swift; path = AppDelegate.swift; sourceTree = "<group>"; };
		3F4C3D261C68C62500E46017 /* ViewController.swift */ = {isa = PBXFileReference; lastKnownFileType = sourcecode.swift; path = ViewController.swift; sourceTree = "<group>"; };
		3F4C3D291C68C62500E46017 /* Base */ = {isa = PBXFileReference; lastKnownFileType = file.storyboard; name = Base; path = Base.lproj/Main.storyboard; sourceTree = "<group>"; };
		3F4C3D2B1C68C62500E46017 /* Assets.xcassets */ = {isa = PBXFileReference; lastKnownFileType = folder.assetcatalog; path = Assets.xcassets; sourceTree = "<group>"; };
		3F4C3D2E1C68C62500E46017 /* Base */ = {isa = PBXFileReference; lastKnownFileType = file.storyboard; name = Base; path = Base.lproj/LaunchScreen.storyboard; sourceTree = "<group>"; };
		3F4C3D301C68C62500E46017 /* Info.plist */ = {isa = PBXFileReference; lastKnownFileType = text.plist.xml; path = Info.plist; sourceTree = "<group>"; };
		3F4C3D351C68C62500E46017 /* practice3Tests.xctest */ = {isa = PBXFileReference; explicitFileType = wrapper.cfbundle; includeInIndex = 0; path = practice3Tests.xctest; sourceTree = BUILT_PRODUCTS_DIR; };
		3F4C3D391C68C62500E46017 /* practice3Tests.swift */ = {isa = PBXFileReference; lastKnownFileType = sourcecode.swift; path = practice3Tests.swift; sourceTree = "<group>"; };
		3F4C3D3B1C68C62500E46017 /* Info.plist */ = {isa = PBXFileReference; lastKnownFileType = text.plist.xml; path = Info.plist; sourceTree = "<group>"; };
		3F4C3D401C68C62500E46017 /* practice3UITests.xctest */ = {isa = PBXFileReference; explicitFileType = wrapper.cfbundle; includeInIndex = 0; path = practice3UITests.xctest; sourceTree = BUILT_PRODUCTS_DIR; };
		3F4C3D441C68C62500E46017 /* practice3UITests.swift */ = {isa = PBXFileReference; lastKnownFileType = sourcecode.swift; path = practice3UITests.swift; sourceTree = "<group>"; };
		3F4C3D461C68C62500E46017 /* Info.plist */ = {isa = PBXFileReference; lastKnownFileType = text.plist.xml; path = Info.plist; sourceTree = "<group>"; };
/* End PBXFileReference section */

/* Begin PBXFrameworksBuildPhase section */
		3F4C3D1E1C68C62500E46017 /* Frameworks */ = {
			isa = PBXFrameworksBuildPhase;
			buildActionMask = 2147483647;
			files = (
			);
			runOnlyForDeploymentPostprocessing = 0;
		};
		3F4C3D321C68C62500E46017 /* Frameworks */ = {
			isa = PBXFrameworksBuildPhase;
			buildActionMask = 2147483647;
			files = (
			);
			runOnlyForDeploymentPostprocessing = 0;
		};
		3F4C3D3D1C68C62500E46017 /* Frameworks */ = {
			isa = PBXFrameworksBuildPhase;
			buildActionMask = 2147483647;
			files = (
			);
			runOnlyForDeploymentPostprocessing = 0;
		};
/* End PBXFrameworksBuildPhase section */

/* Begin PBXGroup section */
		3F4C3D181C68C62500E46017 = {
			isa = PBXGroup;
			children = (
				3F4C3D231C68C62500E46017 /* practice3 */,
				3F4C3D381C68C62500E46017 /* practice3Tests */,
				3F4C3D431C68C62500E46017 /* practice3UITests */,
				3F4C3D221C68C62500E46017 /* Products */,
			);
			sourceTree = "<group>";
		};
		3F4C3D221C68C62500E46017 /* Products */ = {
			isa = PBXGroup;
			children = (
				3F4C3D211C68C62500E46017 /* practice3.app */,
				3F4C3D351C68C62500E46017 /* practice3Tests.xctest */,
				3F4C3D401C68C62500E46017 /* practice3UITests.xctest */,
			);
			name = Products;
			sourceTree = "<group>";
		};
		3F4C3D231C68C62500E46017 /* practice3 */ = {
			isa = PBXGroup;
			children = (
				3F4C3D241C68C62500E46017 /* AppDelegate.swift */,
				3F4C3D261C68C62500E46017 /* ViewController.swift */,
				3F4C3D281C68C62500E46017 /* Main.storyboard */,
				3F4C3D2B1C68C62500E46017 /* Assets.xcassets */,
				3F4C3D2D1C68C62500E46017 /* LaunchScreen.storyboard */,
				3F4C3D301C68C62500E46017 /* Info.plist */,
			);
			path = practice3;
			sourceTree = "<group>";
		};
		3F4C3D381C68C62500E46017 /* practice3Tests */ = {
			isa = PBXGroup;
			children = (
				3F4C3D391C68C62500E46017 /* practice3Tests.swift */,
				3F4C3D3B1C68C62500E46017 /* Info.plist */,
			);
			path = practice3Tests;
			sourceTree = "<group>";
		};
		3F4C3D431C68C62500E46017 /* practice3UITests */ = {
			isa = PBXGroup;
			children = (
				3F4C3D441C68C62500E46017 /* practice3UITests.swift */,
				3F4C3D461C68C62500E46017 /* Info.plist */,
			);
			path = practice3UITests;
			sourceTree = "<group>";
		};
/* End PBXGroup section */

/* Begin PBXNativeTarget section */
		3F4C3D201C68C62500E46017 /* practice3 */ = {
			isa = PBXNativeTarget;
			buildConfigurationList = 3F4C3D491C68C62500E46017 /* Build configuration list for PBXNativeTarget "practice3" */;
			buildPhases = (
				3F4C3D1D1C68C62500E46017 /* Sources */,
				3F4C3D1E1C68C62500E46017 /* Frameworks */,
				3F4C3D1F1C68C62500E46017 /* Resources */,
			);
			buildRules = (
			);
			dependencies = (
			);
			name = practice3;
			productName = practice3;
			productReference = 3F4C3D211C68C62500E46017 /* practice3.app */;
			productType = "com.apple.product-type.application";
		};
		3F4C3D341C68C62500E46017 /* practice3Tests */ = {
			isa = PBXNativeTarget;
			buildConfigurationList = 3F4C3D4C1C68C62500E46017 /* Build configuration list for PBXNativeTarget "practice3Tests" */;
			buildPhases = (
				3F4C3D311C68C62500E46017 /* Sources */,
				3F4C3D321C68C62500E46017 /* Frameworks */,
				3F4C3D331C68C62500E46017 /* Resources */,
			);
			buildRules = (
			);
			dependencies = (
				3F4C3D371C68C62500E46017 /* PBXTargetDependency */,
			);
			name = practice3Tests;
			productName = practice3Tests;
			productReference = 3F4C3D351C68C62500E46017 /* practice3Tests.xctest */;
			productType = "com.apple.product-type.bundle.unit-test";
		};
		3F4C3D3F1C68C62500E46017 /* practice3UITests */ = {
			isa = PBXNativeTarget;
			buildConfigurationList = 3F4C3D4F1C68C62500E46017 /* Build configuration list for PBXNativeTarget "practice3UITests" */;
			buildPhases = (
				3F4C3D3C1C68C62500E46017 /* Sources */,
				3F4C3D3D1C68C62500E46017 /* Frameworks */,
				3F4C3D3E1C68C62500E46017 /* Resources */,
			);
			buildRules = (
			);
			dependencies = (
				3F4C3D421C68C62500E46017 /* PBXTargetDependency */,
			);
			name = practice3UITests;
			productName = practice3UITests;
			productReference = 3F4C3D401C68C62500E46017 /* practice3UITests.xctest */;
			productType = "com.apple.product-type.bundle.ui-testing";
		};
/* End PBXNativeTarget section */

/* Begin PBXProject section */
		3F4C3D191C68C62500E46017 /* Project object */ = {
			isa = PBXProject;
			attributes = {
				LastUpgradeCheck = 0700;
				ORGANIZATIONNAME = student;
				TargetAttributes = {
					3F4C3D201C68C62500E46017 = {
						CreatedOnToolsVersion = 7.0;
					};
					3F4C3D341C68C62500E46017 = {
						CreatedOnToolsVersion = 7.0;
						TestTargetID = 3F4C3D201C68C62500E46017;
					};
					3F4C3D3F1C68C62500E46017 = {
						CreatedOnToolsVersion = 7.0;
						TestTargetID = 3F4C3D201C68C62500E46017;
					};
				};
			};
			buildConfigurationList = 3F4C3D1C1C68C62500E46017 /* Build configuration list for PBXProject "practice3" */;
			compatibilityVersion = "Xcode 3.2";
			developmentRegion = English;
			hasScannedForEncodings = 0;
			knownRegions = (
				en,
				Base,
			);
			mainGroup = 3F4C3D181C68C62500E46017;
			productRefGroup = 3F4C3D221C68C62500E46017 /* Products */;
			projectDirPath = "";
			projectRoot = "";
			targets = (
				3F4C3D201C68C62500E46017 /* practice3 */,
				3F4C3D341C68C62500E46017 /* practice3Tests */,
				3F4C3D3F1C68C62500E46017 /* practice3UITests */,
			);
		};
/* End PBXProject section */

/* Begin PBXResourcesBuildPhase section */
		3F4C3D1F1C68C62500E46017 /* Resources */ = {
			isa = PBXResourcesBuildPhase;
			buildActionMask = 2147483647;
			files = (
				3F4C3D2F1C68C62500E46017 /* LaunchScreen.storyboard in Resources */,
				3F4C3D2C1C68C62500E46017 /* Assets.xcassets in Resources */,
				3F4C3D2A1C68C62500E46017 /* Main.storyboard in Resources */,
			);
			runOnlyForDeploymentPostprocessing = 0;
		};
		3F4C3D331C68C62500E46017 /* Resources */ = {
			isa = PBXResourcesBuildPhase;
			buildActionMask = 2147483647;
			files = (
			);
			runOnlyForDeploymentPostprocessing = 0;
		};
		3F4C3D3E1C68C62500E46017 /* Resources */ = {
			isa = PBXResourcesBuildPhase;
			buildActionMask = 2147483647;
			files = (
			);
			runOnlyForDeploymentPostprocessing = 0;
		};
/* End PBXResourcesBuildPhase section */

/* Begin PBXSourcesBuildPhase section */
		3F4C3D1D1C68C62500E46017 /* Sources */ = {
			isa = PBXSourcesBuildPhase;
			buildActionMask = 2147483647;
			files = (
				3F4C3D271C68C62500E46017 /* ViewController.swift in Sources */,
				3F4C3D251C68C62500E46017 /* AppDelegate.swift in Sources */,
			);
			runOnlyForDeploymentPostprocessing = 0;
		};
		3F4C3D311C68C62500E46017 /* Sources */ = {
			isa = PBXSourcesBuildPhase;
			buildActionMask = 2147483647;
			files = (
				3F4C3D3A1C68C62500E46017 /* practice3Tests.swift in Sources */,
			);
			runOnlyForDeploymentPostprocessing = 0;
		};
		3F4C3D3C1C68C62500E46017 /* Sources */ = {
			isa = PBXSourcesBuildPhase;
			buildActionMask = 2147483647;
			files = (
				3F4C3D451C68C62500E46017 /* practice3UITests.swift in Sources */,
			);
			runOnlyForDeploymentPostprocessing = 0;
		};
/* End PBXSourcesBuildPhase section */

/* Begin PBXTargetDependency section */
		3F4C3D371C68C62500E46017 /* PBXTargetDependency */ = {
			isa = PBXTargetDependency;
			target = 3F4C3D201C68C62500E46017 /* practice3 */;
			targetProxy = 3F4C3D361C68C62500E46017 /* PBXContainerItemProxy */;
		};
		3F4C3D421C68C62500E46017 /* PBXTargetDependency */ = {
			isa = PBXTargetDependency;
			target = 3F4C3D201C68C62500E46017 /* practice3 */;
			targetProxy = 3F4C3D411C68C62500E46017 /* PBXContainerItemProxy */;
		};
/* End PBXTargetDependency section */

/* Begin PBXVariantGroup section */
		3F4C3D281C68C62500E46017 /* Main.storyboard */ = {
			isa = PBXVariantGroup;
			children = (
				3F4C3D291C68C62500E46017 /* Base */,
			);
			name = Main.storyboard;
			sourceTree = "<group>";
		};
		3F4C3D2D1C68C62500E46017 /* LaunchScreen.storyboard */ = {
			isa = PBXVariantGroup;
			children = (
				3F4C3D2E1C68C62500E46017 /* Base */,
			);
			name = LaunchScreen.storyboard;
			sourceTree = "<group>";
		};
/* End PBXVariantGroup section */

/* Begin XCBuildConfiguration section */
		3F4C3D471C68C62500E46017 /* Debug */ = {
			isa = XCBuildConfiguration;
			buildSettings = {
				ALWAYS_SEARCH_USER_PATHS = NO;
				CLANG_CXX_LANGUAGE_STANDARD = "gnu++0x";
				CLANG_CXX_LIBRARY = "libc++";
				CLANG_ENABLE_MODULES = YES;
				CLANG_ENABLE_OBJC_ARC = YES;
				CLANG_WARN_BOOL_CONVERSION = YES;
				CLANG_WARN_CONSTANT_CONVERSION = YES;
				CLANG_WARN_DIRECT_OBJC_ISA_USAGE = YES_ERROR;
				CLANG_WARN_EMPTY_BODY = YES;
				CLANG_WARN_ENUM_CONVERSION = YES;
				CLANG_WARN_INT_CONVERSION = YES;
				CLANG_WARN_OBJC_ROOT_CLASS = YES_ERROR;
				CLANG_WARN_UNREACHABLE_CODE = YES;
				CLANG_WARN__DUPLICATE_METHOD_MATCH = YES;
				"CODE_SIGN_IDENTITY[sdk=iphoneos*]" = "iPhone Developer";
				COPY_PHASE_STRIP = NO;
				DEBUG_INFORMATION_FORMAT = dwarf;
				ENABLE_STRICT_OBJC_MSGSEND = YES;
				ENABLE_TESTABILITY = YES;
				GCC_C_LANGUAGE_STANDARD = gnu99;
				GCC_DYNAMIC_NO_PIC = NO;
				GCC_NO_COMMON_BLOCKS = YES;
				GCC_OPTIMIZATION_LEVEL = 0;
				GCC_PREPROCESSOR_DEFINITIONS = (
					"DEBUG=1",
					"$(inherited)",
				);
				GCC_WARN_64_TO_32_BIT_CONVERSION = YES;
				GCC_WARN_ABOUT_RETURN_TYPE = YES_ERROR;
				GCC_WARN_UNDECLARED_SELECTOR = YES;
				GCC_WARN_UNINITIALIZED_AUTOS = YES_AGGRESSIVE;
				GCC_WARN_UNUSED_FUNCTION = YES;
				GCC_WARN_UNUSED_VARIABLE = YES;
				IPHONEOS_DEPLOYMENT_TARGET = 9.0;
				MTL_ENABLE_DEBUG_INFO = YES;
				ONLY_ACTIVE_ARCH = YES;
				SDKROOT = iphoneos;
				SWIFT_OPTIMIZATION_LEVEL = "-Onone";
			};
			name = Debug;
		};
		3F4C3D481C68C62500E46017 /* Release */ = {
			isa = XCBuildConfiguration;
			buildSettings = {
				ALWAYS_SEARCH_USER_PATHS = NO;
				CLANG_CXX_LANGUAGE_STANDARD = "gnu++0x";
				CLANG_CXX_LIBRARY = "libc++";
				CLANG_ENABLE_MODULES = YES;
				CLANG_ENABLE_OBJC_ARC = YES;
				CLANG_WARN_BOOL_CONVERSION = YES;
				CLANG_WARN_CONSTANT_CONVERSION = YES;
				CLANG_WARN_DIRECT_OBJC_ISA_USAGE = YES_ERROR;
				CLANG_WARN_EMPTY_BODY = YES;
				CLANG_WARN_ENUM_CONVERSION = YES;
				CLANG_WARN_INT_CONVERSION = YES;
				CLANG_WARN_OBJC_ROOT_CLASS = YES_ERROR;
				CLANG_WARN_UNREACHABLE_CODE = YES;
				CLANG_WARN__DUPLICATE_METHOD_MATCH = YES;
				"CODE_SIGN_IDENTITY[sdk=iphoneos*]" = "iPhone Developer";
				COPY_PHASE_STRIP = NO;
				DEBUG_INFORMATION_FORMAT = "dwarf-with-dsym";
				ENABLE_NS_ASSERTIONS = NO;
				ENABLE_STRICT_OBJC_MSGSEND = YES;
				GCC_C_LANGUAGE_STANDARD = gnu99;
				GCC_NO_COMMON_BLOCKS = YES;
				GCC_WARN_64_TO_32_BIT_CONVERSION = YES;
				GCC_WARN_ABOUT_RETURN_TYPE = YES_ERROR;
				GCC_WARN_UNDECLARED_SELECTOR = YES;
				GCC_WARN_UNINITIALIZED_AUTOS = YES_AGGRESSIVE;
				GCC_WARN_UNUSED_FUNCTION = YES;
				GCC_WARN_UNUSED_VARIABLE = YES;
				IPHONEOS_DEPLOYMENT_TARGET = 9.0;
				MTL_ENABLE_DEBUG_INFO = NO;
				SDKROOT = iphoneos;
				VALIDATE_PRODUCT = YES;
			};
			name = Release;
		};
		3F4C3D4A1C68C62500E46017 /* Debug */ = {
			isa = XCBuildConfiguration;
			buildSettings = {
				ASSETCATALOG_COMPILER_APPICON_NAME = AppIcon;
				INFOPLIST_FILE = practice3/Info.plist;
				LD_RUNPATH_SEARCH_PATHS = "$(inherited) @executable_path/Frameworks";
				PRODUCT_BUNDLE_IDENTIFIER = BRN.practice3;
				PRODUCT_NAME = "$(TARGET_NAME)";
			};
			name = Debug;
		};
		3F4C3D4B1C68C62500E46017 /* Release */ = {
			isa = XCBuildConfiguration;
			buildSettings = {
				ASSETCATALOG_COMPILER_APPICON_NAME = AppIcon;
				INFOPLIST_FILE = practice3/Info.plist;
				LD_RUNPATH_SEARCH_PATHS = "$(inherited) @executable_path/Frameworks";
				PRODUCT_BUNDLE_IDENTIFIER = BRN.practice3;
				PRODUCT_NAME = "$(TARGET_NAME)";
			};
			name = Release;
		};
		3F4C3D4D1C68C62500E46017 /* Debug */ = {
			isa = XCBuildConfiguration;
			buildSettings = {
				BUNDLE_LOADER = "$(TEST_HOST)";
				INFOPLIST_FILE = practice3Tests/Info.plist;
				LD_RUNPATH_SEARCH_PATHS = "$(inherited) @executable_path/Frameworks @loader_path/Frameworks";
				PRODUCT_BUNDLE_IDENTIFIER = BRN.practice3Tests;
				PRODUCT_NAME = "$(TARGET_NAME)";
				TEST_HOST = "$(BUILT_PRODUCTS_DIR)/practice3.app/practice3";
			};
			name = Debug;
		};
		3F4C3D4E1C68C62500E46017 /* Release */ = {
			isa = XCBuildConfiguration;
			buildSettings = {
				BUNDLE_LOADER = "$(TEST_HOST)";
				INFOPLIST_FILE = practice3Tests/Info.plist;
				LD_RUNPATH_SEARCH_PATHS = "$(inherited) @executable_path/Frameworks @loader_path/Frameworks";
				PRODUCT_BUNDLE_IDENTIFIER = BRN.practice3Tests;
				PRODUCT_NAME = "$(TARGET_NAME)";
				TEST_HOST = "$(BUILT_PRODUCTS_DIR)/practice3.app/practice3";
			};
			name = Release;
		};
		3F4C3D501C68C62500E46017 /* Debug */ = {
			isa = XCBuildConfiguration;
			buildSettings = {
				INFOPLIST_FILE = practice3UITests/Info.plist;
				LD_RUNPATH_SEARCH_PATHS = "$(inherited) @executable_path/Frameworks @loader_path/Frameworks";
				PRODUCT_BUNDLE_IDENTIFIER = BRN.practice3UITests;
				PRODUCT_NAME = "$(TARGET_NAME)";
				TEST_TARGET_NAME = practice3;
				USES_XCTRUNNER = YES;
			};
			name = Debug;
		};
		3F4C3D511C68C62500E46017 /* Release */ = {
			isa = XCBuildConfiguration;
			buildSettings = {
				INFOPLIST_FILE = practice3UITests/Info.plist;
				LD_RUNPATH_SEARCH_PATHS = "$(inherited) @executable_path/Frameworks @loader_path/Frameworks";
				PRODUCT_BUNDLE_IDENTIFIER = BRN.practice3UITests;
				PRODUCT_NAME = "$(TARGET_NAME)";
				TEST_TARGET_NAME = practice3;
				USES_XCTRUNNER = YES;
			};
			name = Release;
		};
/* End XCBuildConfiguration section */

/* Begin XCConfigurationList section */
		3F4C3D1C1C68C62500E46017 /* Build configuration list for PBXProject "practice3" */ = {
			isa = XCConfigurationList;
			buildConfigurations = (
				3F4C3D471C68C62500E46017 /* Debug */,
				3F4C3D481C68C62500E46017 /* Release */,
			);
			defaultConfigurationIsVisible = 0;
			defaultConfigurationName = Release;
		};
		3F4C3D491C68C62500E46017 /* Build configuration list for PBXNativeTarget "practice3" */ = {
			isa = XCConfigurationList;
			buildConfigurations = (
				3F4C3D4A1C68C62500E46017 /* Debug */,
				3F4C3D4B1C68C62500E46017 /* Release */,
			);
			defaultConfigurationIsVisible = 0;
		};
		3F4C3D4C1C68C62500E46017 /* Build configuration list for PBXNativeTarget "practice3Tests" */ = {
			isa = XCConfigurationList;
			buildConfigurations = (
				3F4C3D4D1C68C62500E46017 /* Debug */,
				3F4C3D4E1C68C62500E46017 /* Release */,
			);
			defaultConfigurationIsVisible = 0;
		};
		3F4C3D4F1C68C62500E46017 /* Build configuration list for PBXNativeTarget "practice3UITests" */ = {
			isa = XCConfigurationList;
			buildConfigurations = (
				3F4C3D501C68C62500E46017 /* Debug */,
				3F4C3D511C68C62500E46017 /* Release */,
			);
			defaultConfigurationIsVisible = 0;
		};
/* End XCConfigurationList section */
	};
	rootObject = 3F4C3D191C68C62500E46017 /* Project object */;
}
